<?xml version="1.0" encoding="utf-8"?>
<Project ToolsVersion="4.0" xmlns="http://schemas.microsoft.com/developer/msbuild/2003">
  <ItemGroup>
    <Filter Include="Source Files">
      <UniqueIdentifier>{4FC737F1-C7A5-4376-A066-2A32D752A2FF}</UniqueIdentifier>
      <Extensions>cpp;c;cc;cxx;def;odl;idl;hpj;bat;asm;asmx</Extensions>
    </Filter>
    <Filter Include="Header Files">
      <UniqueIdentifier>{93995380-89BD-4b04-88EB-625FBE52EBFB}</UniqueIdentifier>
      <Extensions>h;hh;hpp;hxx;hm;inl;inc;xsd</Extensions>
    </Filter>
    <Filter Include="Resource Files">
      <UniqueIdentifier>{67DA6AB6-F800-4c08-8B7A-83BB121AAD01}</UniqueIdentifier>
      <Extensions>rc;ico;cur;bmp;dlg;rc2;rct;bin;rgs;gif;jpg;jpeg;jpe;resx;tiff;tif;png;wav;mfcribbon-ms</Extensions>
    </Filter>
    <Filter Include="sdr">
      <UniqueIdentifier>{c1c2f944-7ff2-4eef-b569-025381de5d87}</UniqueIdentifier>
    </Filter>
    <Filter Include="Header Files\Components">
      <UniqueIdentifier>{1ef4ef2b-3d6c-48c4-8ab1-3f556723fb4e}</UniqueIdentifier>
    </Filter>
    <Filter Include="Source Files\Components">
      <UniqueIdentifier>{4d37c724-eb20-4101-8ad0-e18ac3a0b130}</UniqueIdentifier>
    </Filter>
  </ItemGroup>
  <ItemGroup>
    <ClCompile Include="src\main.cpp">
      <Filter>Source Files</Filter>
    </ClCompile>
    <ClCompile Include="src\rtg_application.cpp">
      <Filter>Source Files</Filter>
    </ClCompile>
    <ClCompile Include="src\main_scene.cpp">
      <Filter>Source Files</Filter>
    </ClCompile>
    <ClCompile Include="src\camera_keyboard_input_component.cpp">
      <Filter>Source Files\Components</Filter>
    </ClCompile>
    <ClCompile Include="src\drebel_sub.cpp">
      <Filter>Source Files</Filter>
    </ClCompile>
    <ClCompile Include="src\water_jet_sub.cpp">
      <Filter>Source Files</Filter>
    </ClCompile>
    <ClCompile Include="src\deep_sea_fish.cpp">
      <Filter>Source Files</Filter>
    </ClCompile>
  </ItemGroup>
  <ItemGroup>
    <ClInclude Include="include\rtg_application.h">
      <Filter>Header Files</Filter>
    </ClInclude>
    <ClInclude Include="include\main_scene.h">
      <Filter>Header Files</Filter>
    </ClInclude>
    <ClInclude Include="include\camera_keyboard_input_component.h">
      <Filter>Header Files\Components</Filter>
    </ClInclude>
    <ClInclude Include="include\drebel_sub.h">
      <Filter>Header Files</Filter>
    </ClInclude>
    <ClInclude Include="include\water_jet_sub.h">
      <Filter>Header Files</Filter>
    </ClInclude>
    <ClInclude Include="include\deep_sea_fish.h">
      <Filter>Header Files</Filter>
    </ClInclude>
  </ItemGroup>
  <ItemGroup>
    <FxCompile Include="sdr\color_pass.ps.hlsl">
      <Filter>sdr</Filter>
    </FxCompile>
    <FxCompile Include="sdr\color_pass.vs.hlsl">
      <Filter>sdr</Filter>
    </FxCompile>
    <FxCompile Include="sdr\render_texture.vs.hlsl">
      <Filter>sdr</Filter>
    </FxCompile>
    <FxCompile Include="sdr\render_texture.ps.hlsl">
      <Filter>sdr</Filter>
    </FxCompile>
    <FxCompile Include="sdr\depth_pass.vs.hlsl">
      <Filter>sdr</Filter>
    </FxCompile>
    <FxCompile Include="sdr\depth_pass.ps.hlsl">
      <Filter>sdr</Filter>
    </FxCompile>
    <FxCompile Include="sdr\particles.vs.hlsl">
      <Filter>sdr</Filter>
    </FxCompile>
    <FxCompile Include="sdr\particles.ps.hlsl">
      <Filter>sdr</Filter>
    </FxCompile>
    <FxCompile Include="sdr\skybox.vs.hlsl">
      <Filter>sdr</Filter>
    </FxCompile>
    <FxCompile Include="sdr\skybox.ps.hlsl">
      <Filter>sdr</Filter>
    </FxCompile>
    <FxCompile Include="sdr\globe.vs.hlsl">
      <Filter>sdr</Filter>
    </FxCompile>
    <FxCompile Include="sdr\globe.ps.hlsl">
      <Filter>sdr</Filter>
    </FxCompile>
  </ItemGroup>
</Project>